{
  "nodes": {
    "darwin": {
      "inputs": {
        "nixpkgs": [
          "nixpkgs"
        ]
      },
      "locked": {
        "lastModified": 1717976995,
        "narHash": "sha256-u3HBinyIyUvL1+N816bODpJmSQdgn0Mbb8BprFw7kqo=",
        "owner": "LnL7",
        "repo": "nix-darwin",
        "rev": "315aa649ba307704db0b16c92f097a08a65ec955",
        "type": "github"
      },
      "original": {
        "owner": "LnL7",
        "repo": "nix-darwin",
        "type": "github"
      }
    },
    "nixpkgs": {
      "locked": {
        "lastModified": 1718160348,
        "narHash": "sha256-9YrUjdztqi4Gz8n3mBuqvCkMo4ojrA6nASwyIKWMpus=",
        "owner": "nixos",
        "repo": "nixpkgs",
        "rev": "57d6973abba7ea108bac64ae7629e7431e0199b6",
        "type": "github"
      },
      "original": {
        "owner": "nixos",
        "ref": "nixos-unstable",
        "repo": "nixpkgs",
        "type": "github"
      }
    },
    "root": {
      "inputs": {
        "darwin": "darwin",
        "nixpkgs": "nixpkgs"
      }
    }
  },
  "root": "root",
  "version": 7
}
