{
  "nodes": {
    "darwin": {
      "inputs": {
        "nixpkgs": [
          "nixpkgs"
        ]
      },
      "locked": {
        "lastModified": 1764161084,
        "narHash": "sha256-HN84sByg9FhJnojkGGDSrcjcbeioFWoNXfuyYfJ1kBE=",
        "owner": "nix-darwin",
        "repo": "nix-darwin",
        "rev": "e95de00a471d07435e0527ff4db092c84998698e",
        "type": "github"
      },
      "original": {
        "owner": "nix-darwin",
        "ref": "nix-darwin-25.11",
        "repo": "nix-darwin",
        "type": "github"
      }
    },
    "home-manager": {
      "inputs": {
        "nixpkgs": [
          "nixpkgs"
        ]
      },
      "locked": {
        "lastModified": 1764866045,
        "narHash": "sha256-0GsEtXV9OquDQ1VclQfP16cU5VZh7NEVIOjSH4UaJuM=",
        "owner": "nix-community",
        "repo": "home-manager",
        "rev": "f63d0fe9d81d36e5fc95497217a72e02b8b7bcab",
        "type": "github"
      },
      "original": {
        "owner": "nix-community",
        "ref": "release-25.11",
        "repo": "home-manager",
        "type": "github"
      }
    },
    "nixpkgs": {
      "locked": {
        "lastModified": 1764940171,
        "narHash": "sha256-DRFhLudA6aBpxB5HNgdWkpykZn9T8b1y773maKqiOWo=",
        "owner": "nixos",
        "repo": "nixpkgs",
        "rev": "50f5b73f202bce03da77915f421c11089ede5cbc",
        "type": "github"
      },
      "original": {
        "owner": "nixos",
        "ref": "release-25.11",
        "repo": "nixpkgs",
        "type": "github"
      }
    },
    "nixpkgs-unstable": {
      "locked": {
        "lastModified": 1764940221,
        "narHash": "sha256-Gpk7oJZxL146HZb6T3eouytUW+8e56krNWWzvdGp1bs=",
        "owner": "nixos",
        "repo": "nixpkgs",
        "rev": "815ff90da1ce5742c9b04a0ce0c0eba8e33fdeed",
        "type": "github"
      },
      "original": {
        "owner": "nixos",
        "repo": "nixpkgs",
        "type": "github"
      }
    },
    "root": {
      "inputs": {
        "darwin": "darwin",
        "home-manager": "home-manager",
        "nixpkgs": "nixpkgs",
        "nixpkgs-unstable": "nixpkgs-unstable"
      }
    }
  },
  "root": "root",
  "version": 7
}
